
Microsoft Visual Studio Solution File, Format Version 12.00
# Visual Studio Version 17
VisualStudioVersion = 17.0.31903.59
MinimumVisualStudioVersion = 10.0.40219.1
Project("{FAE04EC0-301F-11D3-BF4B-00C04F79EFBC}") = "WebApi", "WebApi\WebApi.csproj", "{EA9BDB8C-EC2D-422B-A79E-2AAB06E4ADCC}"
EndProject
Project("{FAE04EC0-301F-11D3-BF4B-00C04F79EFBC}") = "NZwalk.Web", "NZwalk.Web\NZwalk.Web.csproj", "{A5E8FD94-9203-457A-82F3-41D4E9EC8A0F}"
EndProject
Global
	GlobalSection(SolutionConfigurationPlatforms) = preSolution
		Debug|Any CPU = Debug|Any CPU
		Release|Any CPU = Release|Any CPU
	EndGlobalSection
	GlobalSection(SolutionProperties) = preSolution
		HideSolutionNode = FALSE
	EndGlobalSection
	GlobalSection(ProjectConfigurationPlatforms) = postSolution
		{EA9BDB8C-EC2D-422B-A79E-2AAB06E4ADCC}.Debug|Any CPU.ActiveCfg = Debug|Any CPU
		{EA9BDB8C-EC2D-422B-A79E-2AAB06E4ADCC}.Debug|Any CPU.Build.0 = Debug|Any CPU
		{EA9BDB8C-EC2D-422B-A79E-2AAB06E4ADCC}.Release|Any CPU.ActiveCfg = Release|Any CPU
		{EA9BDB8C-EC2D-422B-A79E-2AAB06E4ADCC}.Release|Any CPU.Build.0 = Release|Any CPU
		{A5E8FD94-9203-457A-82F3-41D4E9EC8A0F}.Debug|Any CPU.ActiveCfg = Debug|Any CPU
		{A5E8FD94-9203-457A-82F3-41D4E9EC8A0F}.Debug|Any CPU.Build.0 = Debug|Any CPU
		{A5E8FD94-9203-457A-82F3-41D4E9EC8A0F}.Release|Any CPU.ActiveCfg = Release|Any CPU
		{A5E8FD94-9203-457A-82F3-41D4E9EC8A0F}.Release|Any CPU.Build.0 = Release|Any CPU
	EndGlobalSection
EndGlobal
